
Microsoft Visual Studio Solution File, Format Version 12.00
# Visual Studio Version 17
VisualStudioVersion = 17.5.002.0
MinimumVisualStudioVersion = 10.0.40219.1
Project("{9A19103F-16F7-4668-BE54-9A1E7A4F7556}") = "QuenteFrio", "QuenteFrio.csproj", "{8E71F7F9-1492-41AC-A964-E705DA927550}"
EndProject
Global
	GlobalSection(SolutionConfigurationPlatforms) = preSolution
		Debug|Any CPU = Debug|Any CPU
		Release|Any CPU = Release|Any CPU
	EndGlobalSection
	GlobalSection(ProjectConfigurationPlatforms) = postSolution
		{8E71F7F9-1492-41AC-A964-E705DA927550}.Debug|Any CPU.ActiveCfg = Debug|Any CPU
		{8E71F7F9-1492-41AC-A964-E705DA927550}.Debug|Any CPU.Build.0 = Debug|Any CPU
		{8E71F7F9-1492-41AC-A964-E705DA927550}.Release|Any CPU.ActiveCfg = Release|Any CPU
		{8E71F7F9-1492-41AC-A964-E705DA927550}.Release|Any CPU.Build.0 = Release|Any CPU
	EndGlobalSection
	GlobalSection(SolutionProperties) = preSolution
		HideSolutionNode = FALSE
	EndGlobalSection
	GlobalSection(ExtensibilityGlobals) = postSolution
		SolutionGuid = {CC21D377-AD01-42FC-A2ED-72C6CEDB03B0}
	EndGlobalSection
EndGlobal
